// !$*UTF8*$!
{
	archiveVersion = 1;
	classes = {
	};
	objectVersion = 50;
	objects = {

/* Begin PBXBuildFile section */
		12543D6F0682991D8EBDA05F /* Pods_LiguillasPadelUITests.framework in Frameworks */ = {isa = PBXBuildFile; fileRef = EA1B813AB2286DC0C0F4E89A /* Pods_LiguillasPadelUITests.framework */; };
		383055CD21385D1500AABFC5 /* HomeVC.swift in Sources */ = {isa = PBXBuildFile; fileRef = 383055CB21385D1500AABFC5 /* HomeVC.swift */; };
		383055CE21385D1500AABFC5 /* HomeVC.xib in Resources */ = {isa = PBXBuildFile; fileRef = 383055CC21385D1500AABFC5 /* HomeVC.xib */; };
		383055D321385E5200AABFC5 /* InfoVC.swift in Sources */ = {isa = PBXBuildFile; fileRef = 383055D121385E5200AABFC5 /* InfoVC.swift */; };
		383055D421385E5200AABFC5 /* InfoVC.xib in Resources */ = {isa = PBXBuildFile; fileRef = 383055D221385E5200AABFC5 /* InfoVC.xib */; };
		383055D721385F6800AABFC5 /* CalendarVM.swift in Sources */ = {isa = PBXBuildFile; fileRef = 383055D621385F6800AABFC5 /* CalendarVM.swift */; };
		383055DB213870DE00AABFC5 /* LeagueTVC.swift in Sources */ = {isa = PBXBuildFile; fileRef = 383055D9213870DE00AABFC5 /* LeagueTVC.swift */; };
		383055DC213870DE00AABFC5 /* LeagueTVC.xib in Resources */ = {isa = PBXBuildFile; fileRef = 383055DA213870DE00AABFC5 /* LeagueTVC.xib */; };
		387266A4212F1A0B004AAA95 /* AppDelegate.swift in Sources */ = {isa = PBXBuildFile; fileRef = 387266A3212F1A0B004AAA95 /* AppDelegate.swift */; };
		387266A9212F1A0B004AAA95 /* Main.storyboard in Resources */ = {isa = PBXBuildFile; fileRef = 387266A7212F1A0B004AAA95 /* Main.storyboard */; };
		387266AB212F1A0D004AAA95 /* Assets.xcassets in Resources */ = {isa = PBXBuildFile; fileRef = 387266AA212F1A0D004AAA95 /* Assets.xcassets */; };
		387266AE212F1A0D004AAA95 /* LaunchScreen.storyboard in Resources */ = {isa = PBXBuildFile; fileRef = 387266AC212F1A0D004AAA95 /* LaunchScreen.storyboard */; };
		387266B9212F1A0D004AAA95 /* LiguillasPadelTests.swift in Sources */ = {isa = PBXBuildFile; fileRef = 387266B8212F1A0D004AAA95 /* LiguillasPadelTests.swift */; };
		387266C4212F1A0D004AAA95 /* LiguillasPadelUITests.swift in Sources */ = {isa = PBXBuildFile; fileRef = 387266C3212F1A0D004AAA95 /* LiguillasPadelUITests.swift */; };
		3885F8D02133D11400CEBE00 /* GoogleService-Info.plist in Resources */ = {isa = PBXBuildFile; fileRef = 3885F8CF2133D11400CEBE00 /* GoogleService-Info.plist */; };
		38AEAD3A213C51A600483151 /* RankingTVC.swift in Sources */ = {isa = PBXBuildFile; fileRef = 38AEAD38213C51A600483151 /* RankingTVC.swift */; };
		38AEAD3B213C51A600483151 /* RankingTVC.xib in Resources */ = {isa = PBXBuildFile; fileRef = 38AEAD39213C51A600483151 /* RankingTVC.xib */; };
		839A085E2137D37000346853 /* Match.swift in Sources */ = {isa = PBXBuildFile; fileRef = 839A08482137D36F00346853 /* Match.swift */; };
		839A085F2137D37000346853 /* Week.swift in Sources */ = {isa = PBXBuildFile; fileRef = 839A08492137D36F00346853 /* Week.swift */; };
		839A08602137D37000346853 /* Ranking.swift in Sources */ = {isa = PBXBuildFile; fileRef = 839A084A2137D36F00346853 /* Ranking.swift */; };
		839A08612137D37000346853 /* League.swift in Sources */ = {isa = PBXBuildFile; fileRef = 839A084B2137D36F00346853 /* League.swift */; };
		839A08622137D37000346853 /* Player.swift in Sources */ = {isa = PBXBuildFile; fileRef = 839A084C2137D36F00346853 /* Player.swift */; };
		839A08632137D37000346853 /* CalendarItemVM.swift in Sources */ = {isa = PBXBuildFile; fileRef = 839A084E2137D37000346853 /* CalendarItemVM.swift */; };
		839A08642137D37000346853 /* WeekItemVM.swift in Sources */ = {isa = PBXBuildFile; fileRef = 839A084F2137D37000346853 /* WeekItemVM.swift */; };
		839A08652137D37000346853 /* MatchItemVM.swift in Sources */ = {isa = PBXBuildFile; fileRef = 839A08502137D37000346853 /* MatchItemVM.swift */; };
		839A08662137D37000346853 /* RankingItemVM.swift in Sources */ = {isa = PBXBuildFile; fileRef = 839A08512137D37000346853 /* RankingItemVM.swift */; };
		839A08672137D37000346853 /* LeagueItemVM.swift in Sources */ = {isa = PBXBuildFile; fileRef = 839A08522137D37000346853 /* LeagueItemVM.swift */; };
		839A08682137D37000346853 /* TableItemVM.swift in Sources */ = {isa = PBXBuildFile; fileRef = 839A08532137D37000346853 /* TableItemVM.swift */; };
		839A08692137D37000346853 /* CalendarVC.xib in Resources */ = {isa = PBXBuildFile; fileRef = 839A08582137D37000346853 /* CalendarVC.xib */; };
		839A086A2137D37000346853 /* MatchTVC.swift in Sources */ = {isa = PBXBuildFile; fileRef = 839A085B2137D37000346853 /* MatchTVC.swift */; };
		839A086B2137D37000346853 /* MatchTVC.xib in Resources */ = {isa = PBXBuildFile; fileRef = 839A085C2137D37000346853 /* MatchTVC.xib */; };
		839A086C2137D37000346853 /* CalendarVC.swift in Sources */ = {isa = PBXBuildFile; fileRef = 839A085D2137D37000346853 /* CalendarVC.swift */; };
		839A086F2137D66600346853 /* MainCoordinator.swift in Sources */ = {isa = PBXBuildFile; fileRef = 839A086E2137D66600346853 /* MainCoordinator.swift */; };
		839A08712137D68900346853 /* AppCoordinator.swift in Sources */ = {isa = PBXBuildFile; fileRef = 839A08702137D68900346853 /* AppCoordinator.swift */; };
		839A08742137D9C700346853 /* Helpers.swift in Sources */ = {isa = PBXBuildFile; fileRef = 839A08732137D9C700346853 /* Helpers.swift */; };
		839A08762137DA6E00346853 /* HomeCoordinator.swift in Sources */ = {isa = PBXBuildFile; fileRef = 839A08752137DA6E00346853 /* HomeCoordinator.swift */; };
		839A08792137DE0700346853 /* ViewModel.swift in Sources */ = {isa = PBXBuildFile; fileRef = 839A08782137DE0700346853 /* ViewModel.swift */; };
		839A087B2137DE9200346853 /* ExtensionMoya.swift in Sources */ = {isa = PBXBuildFile; fileRef = 839A087A2137DE9200346853 /* ExtensionMoya.swift */; };
		839A087D2137DEBD00346853 /* ViewModelDelegate.swift in Sources */ = {isa = PBXBuildFile; fileRef = 839A087C2137DEBD00346853 /* ViewModelDelegate.swift */; };
		839A08802137DF0900346853 /* HomeService.swift in Sources */ = {isa = PBXBuildFile; fileRef = 839A087F2137DF0900346853 /* HomeService.swift */; };
		839A08822137E00600346853 /* Constant.swift in Sources */ = {isa = PBXBuildFile; fileRef = 839A08812137E00600346853 /* Constant.swift */; };
		839A08842137E0B600346853 /* HomeVM.swift in Sources */ = {isa = PBXBuildFile; fileRef = 839A08832137E0B600346853 /* HomeVM.swift */; };
		A99486D5EB919EA97A03A2E4 /* Pods_LiguillasPadel.framework in Frameworks */ = {isa = PBXBuildFile; fileRef = 886B00D6958027BAA2312477 /* Pods_LiguillasPadel.framework */; };
		DF2FA6CBB7ED652820C5BF3B /* Pods_LiguillasPadelTests.framework in Frameworks */ = {isa = PBXBuildFile; fileRef = 5E916BD6E26DBD04D8D1A490 /* Pods_LiguillasPadelTests.framework */; };
/* End PBXBuildFile section */

/* Begin PBXContainerItemProxy section */
		387266B5212F1A0D004AAA95 /* PBXContainerItemProxy */ = {
			isa = PBXContainerItemProxy;
			containerPortal = 38726698212F1A0B004AAA95 /* Project object */;
			proxyType = 1;
			remoteGlobalIDString = 3872669F212F1A0B004AAA95;
			remoteInfo = LiguillasPadel;
		};
		387266C0212F1A0D004AAA95 /* PBXContainerItemProxy */ = {
			isa = PBXContainerItemProxy;
			containerPortal = 38726698212F1A0B004AAA95 /* Project object */;
			proxyType = 1;
			remoteGlobalIDString = 3872669F212F1A0B004AAA95;
			remoteInfo = LiguillasPadel;
		};
/* End PBXContainerItemProxy section */

/* Begin PBXFileReference section */
		0263CFEE6A093C6ABC2F5BEE /* Pods-LiguillasPadel.debug.xcconfig */ = {isa = PBXFileReference; includeInIndex = 1; lastKnownFileType = text.xcconfig; name = "Pods-LiguillasPadel.debug.xcconfig"; path = "Pods/Target Support Files/Pods-LiguillasPadel/Pods-LiguillasPadel.debug.xcconfig"; sourceTree = "<group>"; };
		383055CB21385D1500AABFC5 /* HomeVC.swift */ = {isa = PBXFileReference; lastKnownFileType = sourcecode.swift; path = HomeVC.swift; sourceTree = "<group>"; };
		383055CC21385D1500AABFC5 /* HomeVC.xib */ = {isa = PBXFileReference; lastKnownFileType = file.xib; path = HomeVC.xib; sourceTree = "<group>"; };
		383055D121385E5200AABFC5 /* InfoVC.swift */ = {isa = PBXFileReference; lastKnownFileType = sourcecode.swift; path = InfoVC.swift; sourceTree = "<group>"; };
		383055D221385E5200AABFC5 /* InfoVC.xib */ = {isa = PBXFileReference; lastKnownFileType = file.xib; path = InfoVC.xib; sourceTree = "<group>"; };
		383055D621385F6800AABFC5 /* CalendarVM.swift */ = {isa = PBXFileReference; lastKnownFileType = sourcecode.swift; path = CalendarVM.swift; sourceTree = "<group>"; };
		383055D9213870DE00AABFC5 /* LeagueTVC.swift */ = {isa = PBXFileReference; lastKnownFileType = sourcecode.swift; path = LeagueTVC.swift; sourceTree = "<group>"; };
		383055DA213870DE00AABFC5 /* LeagueTVC.xib */ = {isa = PBXFileReference; lastKnownFileType = file.xib; path = LeagueTVC.xib; sourceTree = "<group>"; };
		387266A0212F1A0B004AAA95 /* LiguillasPadel.app */ = {isa = PBXFileReference; explicitFileType = wrapper.application; includeInIndex = 0; path = LiguillasPadel.app; sourceTree = BUILT_PRODUCTS_DIR; };
		387266A3212F1A0B004AAA95 /* AppDelegate.swift */ = {isa = PBXFileReference; lastKnownFileType = sourcecode.swift; path = AppDelegate.swift; sourceTree = "<group>"; };
		387266A8212F1A0B004AAA95 /* Base */ = {isa = PBXFileReference; lastKnownFileType = file.storyboard; name = Base; path = Base.lproj/Main.storyboard; sourceTree = "<group>"; };
		387266AA212F1A0D004AAA95 /* Assets.xcassets */ = {isa = PBXFileReference; lastKnownFileType = folder.assetcatalog; path = Assets.xcassets; sourceTree = "<group>"; };
		387266AD212F1A0D004AAA95 /* Base */ = {isa = PBXFileReference; lastKnownFileType = file.storyboard; name = Base; path = Base.lproj/LaunchScreen.storyboard; sourceTree = "<group>"; };
		387266AF212F1A0D004AAA95 /* Info.plist */ = {isa = PBXFileReference; lastKnownFileType = text.plist.xml; path = Info.plist; sourceTree = "<group>"; };
		387266B4212F1A0D004AAA95 /* LiguillasPadelTests.xctest */ = {isa = PBXFileReference; explicitFileType = wrapper.cfbundle; includeInIndex = 0; path = LiguillasPadelTests.xctest; sourceTree = BUILT_PRODUCTS_DIR; };
		387266B8212F1A0D004AAA95 /* LiguillasPadelTests.swift */ = {isa = PBXFileReference; lastKnownFileType = sourcecode.swift; path = LiguillasPadelTests.swift; sourceTree = "<group>"; };
		387266BA212F1A0D004AAA95 /* Info.plist */ = {isa = PBXFileReference; lastKnownFileType = text.plist.xml; path = Info.plist; sourceTree = "<group>"; };
		387266BF212F1A0D004AAA95 /* LiguillasPadelUITests.xctest */ = {isa = PBXFileReference; explicitFileType = wrapper.cfbundle; includeInIndex = 0; path = LiguillasPadelUITests.xctest; sourceTree = BUILT_PRODUCTS_DIR; };
		387266C3212F1A0D004AAA95 /* LiguillasPadelUITests.swift */ = {isa = PBXFileReference; lastKnownFileType = sourcecode.swift; path = LiguillasPadelUITests.swift; sourceTree = "<group>"; };
		387266C5212F1A0D004AAA95 /* Info.plist */ = {isa = PBXFileReference; lastKnownFileType = text.plist.xml; path = Info.plist; sourceTree = "<group>"; };
		3885F8CF2133D11400CEBE00 /* GoogleService-Info.plist */ = {isa = PBXFileReference; fileEncoding = 4; lastKnownFileType = text.plist.xml; path = "GoogleService-Info.plist"; sourceTree = "<group>"; };
		38AEAD38213C51A600483151 /* RankingTVC.swift */ = {isa = PBXFileReference; lastKnownFileType = sourcecode.swift; path = RankingTVC.swift; sourceTree = "<group>"; };
		38AEAD39213C51A600483151 /* RankingTVC.xib */ = {isa = PBXFileReference; lastKnownFileType = file.xib; path = RankingTVC.xib; sourceTree = "<group>"; };
		5E916BD6E26DBD04D8D1A490 /* Pods_LiguillasPadelTests.framework */ = {isa = PBXFileReference; explicitFileType = wrapper.framework; includeInIndex = 0; path = Pods_LiguillasPadelTests.framework; sourceTree = BUILT_PRODUCTS_DIR; };
		725F7990770608A6E8919BF7 /* Pods-LiguillasPadelUITests.debug.xcconfig */ = {isa = PBXFileReference; includeInIndex = 1; lastKnownFileType = text.xcconfig; name = "Pods-LiguillasPadelUITests.debug.xcconfig"; path = "Pods/Target Support Files/Pods-LiguillasPadelUITests/Pods-LiguillasPadelUITests.debug.xcconfig"; sourceTree = "<group>"; };
		83604337213FCEA90028F8C8 /* InfoCoordinator.swift */ = {isa = PBXFileReference; lastKnownFileType = sourcecode.swift; path = InfoCoordinator.swift; sourceTree = "<group>"; };
		839A08482137D36F00346853 /* Match.swift */ = {isa = PBXFileReference; fileEncoding = 4; lastKnownFileType = sourcecode.swift; path = Match.swift; sourceTree = "<group>"; };
		839A08492137D36F00346853 /* Week.swift */ = {isa = PBXFileReference; fileEncoding = 4; lastKnownFileType = sourcecode.swift; path = Week.swift; sourceTree = "<group>"; };
		839A084A2137D36F00346853 /* Ranking.swift */ = {isa = PBXFileReference; fileEncoding = 4; lastKnownFileType = sourcecode.swift; path = Ranking.swift; sourceTree = "<group>"; };
		839A084B2137D36F00346853 /* League.swift */ = {isa = PBXFileReference; fileEncoding = 4; lastKnownFileType = sourcecode.swift; path = League.swift; sourceTree = "<group>"; };
		839A084C2137D36F00346853 /* Player.swift */ = {isa = PBXFileReference; fileEncoding = 4; lastKnownFileType = sourcecode.swift; path = Player.swift; sourceTree = "<group>"; };
		839A084E2137D37000346853 /* CalendarItemVM.swift */ = {isa = PBXFileReference; fileEncoding = 4; lastKnownFileType = sourcecode.swift; path = CalendarItemVM.swift; sourceTree = "<group>"; };
		839A084F2137D37000346853 /* WeekItemVM.swift */ = {isa = PBXFileReference; fileEncoding = 4; lastKnownFileType = sourcecode.swift; path = WeekItemVM.swift; sourceTree = "<group>"; };
		839A08502137D37000346853 /* MatchItemVM.swift */ = {isa = PBXFileReference; fileEncoding = 4; lastKnownFileType = sourcecode.swift; path = MatchItemVM.swift; sourceTree = "<group>"; };
		839A08512137D37000346853 /* RankingItemVM.swift */ = {isa = PBXFileReference; fileEncoding = 4; lastKnownFileType = sourcecode.swift; path = RankingItemVM.swift; sourceTree = "<group>"; };
		839A08522137D37000346853 /* LeagueItemVM.swift */ = {isa = PBXFileReference; fileEncoding = 4; lastKnownFileType = sourcecode.swift; path = LeagueItemVM.swift; sourceTree = "<group>"; };
		839A08532137D37000346853 /* TableItemVM.swift */ = {isa = PBXFileReference; fileEncoding = 4; lastKnownFileType = sourcecode.swift; path = TableItemVM.swift; sourceTree = "<group>"; };
		839A08582137D37000346853 /* CalendarVC.xib */ = {isa = PBXFileReference; fileEncoding = 4; lastKnownFileType = file.xib; path = CalendarVC.xib; sourceTree = "<group>"; };
		839A085B2137D37000346853 /* MatchTVC.swift */ = {isa = PBXFileReference; fileEncoding = 4; lastKnownFileType = sourcecode.swift; path = MatchTVC.swift; sourceTree = "<group>"; };
		839A085C2137D37000346853 /* MatchTVC.xib */ = {isa = PBXFileReference; fileEncoding = 4; lastKnownFileType = file.xib; path = MatchTVC.xib; sourceTree = "<group>"; };
		839A085D2137D37000346853 /* CalendarVC.swift */ = {isa = PBXFileReference; fileEncoding = 4; lastKnownFileType = sourcecode.swift; path = CalendarVC.swift; sourceTree = "<group>"; };
		839A086E2137D66600346853 /* MainCoordinator.swift */ = {isa = PBXFileReference; lastKnownFileType = sourcecode.swift; path = MainCoordinator.swift; sourceTree = "<group>"; };
		839A08702137D68900346853 /* AppCoordinator.swift */ = {isa = PBXFileReference; lastKnownFileType = sourcecode.swift; path = AppCoordinator.swift; sourceTree = "<group>"; };
		839A08732137D9C700346853 /* Helpers.swift */ = {isa = PBXFileReference; lastKnownFileType = sourcecode.swift; path = Helpers.swift; sourceTree = "<group>"; };
		839A08752137DA6E00346853 /* HomeCoordinator.swift */ = {isa = PBXFileReference; lastKnownFileType = sourcecode.swift; path = HomeCoordinator.swift; sourceTree = "<group>"; };
		839A08782137DE0700346853 /* ViewModel.swift */ = {isa = PBXFileReference; lastKnownFileType = sourcecode.swift; path = ViewModel.swift; sourceTree = "<group>"; };
		839A087A2137DE9200346853 /* ExtensionMoya.swift */ = {isa = PBXFileReference; lastKnownFileType = sourcecode.swift; path = ExtensionMoya.swift; sourceTree = "<group>"; };
		839A087C2137DEBD00346853 /* ViewModelDelegate.swift */ = {isa = PBXFileReference; lastKnownFileType = sourcecode.swift; path = ViewModelDelegate.swift; sourceTree = "<group>"; };
		839A087F2137DF0900346853 /* HomeService.swift */ = {isa = PBXFileReference; lastKnownFileType = sourcecode.swift; path = HomeService.swift; sourceTree = "<group>"; };
		839A08812137E00600346853 /* Constant.swift */ = {isa = PBXFileReference; lastKnownFileType = sourcecode.swift; path = Constant.swift; sourceTree = "<group>"; };
		839A08832137E0B600346853 /* HomeVM.swift */ = {isa = PBXFileReference; lastKnownFileType = sourcecode.swift; path = HomeVM.swift; sourceTree = "<group>"; };
		886B00D6958027BAA2312477 /* Pods_LiguillasPadel.framework */ = {isa = PBXFileReference; explicitFileType = wrapper.framework; includeInIndex = 0; path = Pods_LiguillasPadel.framework; sourceTree = BUILT_PRODUCTS_DIR; };
		A8D5AF6D62039D80112EC539 /* Pods-LiguillasPadelTests.debug.xcconfig */ = {isa = PBXFileReference; includeInIndex = 1; lastKnownFileType = text.xcconfig; name = "Pods-LiguillasPadelTests.debug.xcconfig"; path = "Pods/Target Support Files/Pods-LiguillasPadelTests/Pods-LiguillasPadelTests.debug.xcconfig"; sourceTree = "<group>"; };
		AF0671DF8FFCC8F0DE0363D8 /* Pods-LiguillasPadelTests.release.xcconfig */ = {isa = PBXFileReference; includeInIndex = 1; lastKnownFileType = text.xcconfig; name = "Pods-LiguillasPadelTests.release.xcconfig"; path = "Pods/Target Support Files/Pods-LiguillasPadelTests/Pods-LiguillasPadelTests.release.xcconfig"; sourceTree = "<group>"; };
		D6082E7788B4B29640135AF6 /* Pods-LiguillasPadelUITests.release.xcconfig */ = {isa = PBXFileReference; includeInIndex = 1; lastKnownFileType = text.xcconfig; name = "Pods-LiguillasPadelUITests.release.xcconfig"; path = "Pods/Target Support Files/Pods-LiguillasPadelUITests/Pods-LiguillasPadelUITests.release.xcconfig"; sourceTree = "<group>"; };
		DB41087629869817BC8CF64E /* Pods-LiguillasPadel.release.xcconfig */ = {isa = PBXFileReference; includeInIndex = 1; lastKnownFileType = text.xcconfig; name = "Pods-LiguillasPadel.release.xcconfig"; path = "Pods/Target Support Files/Pods-LiguillasPadel/Pods-LiguillasPadel.release.xcconfig"; sourceTree = "<group>"; };
		EA1B813AB2286DC0C0F4E89A /* Pods_LiguillasPadelUITests.framework */ = {isa = PBXFileReference; explicitFileType = wrapper.framework; includeInIndex = 0; path = Pods_LiguillasPadelUITests.framework; sourceTree = BUILT_PRODUCTS_DIR; };
/* End PBXFileReference section */

/* Begin PBXFrameworksBuildPhase section */
		3872669D212F1A0B004AAA95 /* Frameworks */ = {
			isa = PBXFrameworksBuildPhase;
			buildActionMask = 2147483647;
			files = (
				A99486D5EB919EA97A03A2E4 /* Pods_LiguillasPadel.framework in Frameworks */,
			);
			runOnlyForDeploymentPostprocessing = 0;
		};
		387266B1212F1A0D004AAA95 /* Frameworks */ = {
			isa = PBXFrameworksBuildPhase;
			buildActionMask = 2147483647;
			files = (
				DF2FA6CBB7ED652820C5BF3B /* Pods_LiguillasPadelTests.framework in Frameworks */,
			);
			runOnlyForDeploymentPostprocessing = 0;
		};
		387266BC212F1A0D004AAA95 /* Frameworks */ = {
			isa = PBXFrameworksBuildPhase;
			buildActionMask = 2147483647;
			files = (
				12543D6F0682991D8EBDA05F /* Pods_LiguillasPadelUITests.framework in Frameworks */,
			);
			runOnlyForDeploymentPostprocessing = 0;
		};
/* End PBXFrameworksBuildPhase section */

/* Begin PBXGroup section */
		383055CA21385CFE00AABFC5 /* View */ = {
			isa = PBXGroup;
			children = (
				383055D9213870DE00AABFC5 /* LeagueTVC.swift */,
				383055DA213870DE00AABFC5 /* LeagueTVC.xib */,
				383055CC21385D1500AABFC5 /* HomeVC.xib */,
			);
			path = View;
			sourceTree = "<group>";
		};
		383055CF21385E0A00AABFC5 /* Info */ = {
			isa = PBXGroup;
			children = (
				383055D021385E4200AABFC5 /* View */,
				383055D121385E5200AABFC5 /* InfoVC.swift */,
			);
			path = Info;
			sourceTree = "<group>";
		};
		383055D021385E4200AABFC5 /* View */ = {
			isa = PBXGroup;
			children = (
				383055D221385E5200AABFC5 /* InfoVC.xib */,
			);
			path = View;
			sourceTree = "<group>";
		};
		383055D521385EDE00AABFC5 /* View */ = {
			isa = PBXGroup;
			children = (
				839A08582137D37000346853 /* CalendarVC.xib */,
			);
			path = View;
			sourceTree = "<group>";
		};
		383055D821385F7E00AABFC5 /* ViewModel */ = {
			isa = PBXGroup;
			children = (
				383055D621385F6800AABFC5 /* CalendarVM.swift */,
			);
			path = ViewModel;
			sourceTree = "<group>";
		};
		38726697212F1A0B004AAA95 = {
			isa = PBXGroup;
			children = (
				387266A2212F1A0B004AAA95 /* LiguillasPadel */,
				387266B7212F1A0D004AAA95 /* LiguillasPadelTests */,
				387266C2212F1A0D004AAA95 /* LiguillasPadelUITests */,
				387266A1212F1A0B004AAA95 /* Products */,
				66594347F917E701C8F849A0 /* Pods */,
				DD9E4F0F218433F36E418011 /* Frameworks */,
			);
			sourceTree = "<group>";
		};
		387266A1212F1A0B004AAA95 /* Products */ = {
			isa = PBXGroup;
			children = (
				387266A0212F1A0B004AAA95 /* LiguillasPadel.app */,
				387266B4212F1A0D004AAA95 /* LiguillasPadelTests.xctest */,
				387266BF212F1A0D004AAA95 /* LiguillasPadelUITests.xctest */,
			);
			name = Products;
			sourceTree = "<group>";
		};
		387266A2212F1A0B004AAA95 /* LiguillasPadel */ = {
			isa = PBXGroup;
			children = (
				839A087E2137DEE700346853 /* Service */,
				839A08722137D7CF00346853 /* Utils */,
				839A086D2137D63D00346853 /* Coordinator */,
				839A08472137D36F00346853 /* Model */,
				839A08542137D37000346853 /* ViewControllers */,
				839A084D2137D37000346853 /* ViewModel */,
				387266D1212F1C4E004AAA95 /* Mandatory */,
				387266A7212F1A0B004AAA95 /* Main.storyboard */,
				387266AC212F1A0D004AAA95 /* LaunchScreen.storyboard */,
			);
			path = LiguillasPadel;
			sourceTree = "<group>";
		};
		387266B7212F1A0D004AAA95 /* LiguillasPadelTests */ = {
			isa = PBXGroup;
			children = (
				387266B8212F1A0D004AAA95 /* LiguillasPadelTests.swift */,
				387266BA212F1A0D004AAA95 /* Info.plist */,
			);
			path = LiguillasPadelTests;
			sourceTree = "<group>";
		};
		387266C2212F1A0D004AAA95 /* LiguillasPadelUITests */ = {
			isa = PBXGroup;
			children = (
				387266C3212F1A0D004AAA95 /* LiguillasPadelUITests.swift */,
				387266C5212F1A0D004AAA95 /* Info.plist */,
			);
			path = LiguillasPadelUITests;
			sourceTree = "<group>";
		};
		387266D1212F1C4E004AAA95 /* Mandatory */ = {
			isa = PBXGroup;
			children = (
				3885F8CF2133D11400CEBE00 /* GoogleService-Info.plist */,
				387266AF212F1A0D004AAA95 /* Info.plist */,
				387266AA212F1A0D004AAA95 /* Assets.xcassets */,
				387266A3212F1A0B004AAA95 /* AppDelegate.swift */,
			);
			path = Mandatory;
			sourceTree = "<group>";
		};
		38AEAD36213C515100483151 /* Table */ = {
			isa = PBXGroup;
			children = (
				38AEAD37213C517300483151 /* View */,
			);
			path = Table;
			sourceTree = "<group>";
		};
		38AEAD37213C517300483151 /* View */ = {
			isa = PBXGroup;
			children = (
				38AEAD38213C51A600483151 /* RankingTVC.swift */,
				38AEAD39213C51A600483151 /* RankingTVC.xib */,
			);
			path = View;
			sourceTree = "<group>";
		};
		66594347F917E701C8F849A0 /* Pods */ = {
			isa = PBXGroup;
			children = (
				0263CFEE6A093C6ABC2F5BEE /* Pods-LiguillasPadel.debug.xcconfig */,
				DB41087629869817BC8CF64E /* Pods-LiguillasPadel.release.xcconfig */,
				A8D5AF6D62039D80112EC539 /* Pods-LiguillasPadelTests.debug.xcconfig */,
				AF0671DF8FFCC8F0DE0363D8 /* Pods-LiguillasPadelTests.release.xcconfig */,
				725F7990770608A6E8919BF7 /* Pods-LiguillasPadelUITests.debug.xcconfig */,
				D6082E7788B4B29640135AF6 /* Pods-LiguillasPadelUITests.release.xcconfig */,
			);
			name = Pods;
			sourceTree = "<group>";
		};
		839A08472137D36F00346853 /* Model */ = {
			isa = PBXGroup;
			children = (
				839A08482137D36F00346853 /* Match.swift */,
				839A08492137D36F00346853 /* Week.swift */,
				839A084A2137D36F00346853 /* Ranking.swift */,
				839A084B2137D36F00346853 /* League.swift */,
				839A084C2137D36F00346853 /* Player.swift */,
			);
			path = Model;
			sourceTree = "<group>";
		};
		839A084D2137D37000346853 /* ViewModel */ = {
			isa = PBXGroup;
			children = (
				839A084E2137D37000346853 /* CalendarItemVM.swift */,
				839A084F2137D37000346853 /* WeekItemVM.swift */,
				839A08502137D37000346853 /* MatchItemVM.swift */,
				839A08512137D37000346853 /* RankingItemVM.swift */,
				839A08522137D37000346853 /* LeagueItemVM.swift */,
				839A08532137D37000346853 /* TableItemVM.swift */,
				839A08782137DE0700346853 /* ViewModel.swift */,
				839A087C2137DEBD00346853 /* ViewModelDelegate.swift */,
			);
			path = ViewModel;
			sourceTree = "<group>";
		};
		839A08542137D37000346853 /* ViewControllers */ = {
			isa = PBXGroup;
			children = (
				383055CF21385E0A00AABFC5 /* Info */,
				839A08552137D37000346853 /* Leagues */,
			);
			path = ViewControllers;
			sourceTree = "<group>";
		};
		839A08552137D37000346853 /* Leagues */ = {
			isa = PBXGroup;
			children = (
				38AEAD36213C515100483151 /* Table */,
				383055CA21385CFE00AABFC5 /* View */,
				839A08562137D37000346853 /* ViewModel */,
				839A08572137D37000346853 /* Calendar */,
				383055CB21385D1500AABFC5 /* HomeVC.swift */,
			);
			path = Leagues;
			sourceTree = "<group>";
		};
		839A08562137D37000346853 /* ViewModel */ = {
			isa = PBXGroup;
			children = (
				839A08832137E0B600346853 /* HomeVM.swift */,
			);
			path = ViewModel;
			sourceTree = "<group>";
		};
		839A08572137D37000346853 /* Calendar */ = {
			isa = PBXGroup;
			children = (
				383055D821385F7E00AABFC5 /* ViewModel */,
				383055D521385EDE00AABFC5 /* View */,
				839A08592137D37000346853 /* Match */,
				839A085D2137D37000346853 /* CalendarVC.swift */,
			);
			path = Calendar;
			sourceTree = "<group>";
		};
		839A08592137D37000346853 /* Match */ = {
			isa = PBXGroup;
			children = (
				839A085A2137D37000346853 /* View */,
			);
			path = Match;
			sourceTree = "<group>";
		};
		839A085A2137D37000346853 /* View */ = {
			isa = PBXGroup;
			children = (
				839A085B2137D37000346853 /* MatchTVC.swift */,
				839A085C2137D37000346853 /* MatchTVC.xib */,
			);
			path = View;
			sourceTree = "<group>";
		};
		839A086D2137D63D00346853 /* Coordinator */ = {
			isa = PBXGroup;
			children = (
				839A086E2137D66600346853 /* MainCoordinator.swift */,
				839A08702137D68900346853 /* AppCoordinator.swift */,
				839A08752137DA6E00346853 /* HomeCoordinator.swift */,
				83604337213FCEA90028F8C8 /* InfoCoordinator.swift */,
			);
			path = Coordinator;
			sourceTree = "<group>";
		};
		839A08722137D7CF00346853 /* Utils */ = {
			isa = PBXGroup;
			children = (
				839A08732137D9C700346853 /* Helpers.swift */,
				839A087A2137DE9200346853 /* ExtensionMoya.swift */,
				839A08812137E00600346853 /* Constant.swift */,
			);
			path = Utils;
			sourceTree = "<group>";
		};
		839A087E2137DEE700346853 /* Service */ = {
			isa = PBXGroup;
			children = (
				839A087F2137DF0900346853 /* HomeService.swift */,
			);
			path = Service;
			sourceTree = "<group>";
		};
		DD9E4F0F218433F36E418011 /* Frameworks */ = {
			isa = PBXGroup;
			children = (
				886B00D6958027BAA2312477 /* Pods_LiguillasPadel.framework */,
				5E916BD6E26DBD04D8D1A490 /* Pods_LiguillasPadelTests.framework */,
				EA1B813AB2286DC0C0F4E89A /* Pods_LiguillasPadelUITests.framework */,
			);
			name = Frameworks;
			sourceTree = "<group>";
		};
/* End PBXGroup section */

/* Begin PBXNativeTarget section */
		3872669F212F1A0B004AAA95 /* LiguillasPadel */ = {
			isa = PBXNativeTarget;
			buildConfigurationList = 387266C8212F1A0D004AAA95 /* Build configuration list for PBXNativeTarget "LiguillasPadel" */;
			buildPhases = (
				1186B9D128E98636E8F5F19A /* [CP] Check Pods Manifest.lock */,
				3872669C212F1A0B004AAA95 /* Sources */,
				3872669D212F1A0B004AAA95 /* Frameworks */,
				3872669E212F1A0B004AAA95 /* Resources */,
				BFC9037E2E98606DB2A35F43 /* [CP] Embed Pods Frameworks */,
				3885F8D12133D33300CEBE00 /* ShellScript */,
				3885F8D22133D59D00CEBE00 /* ShellScript */,
			);
			buildRules = (
			);
			dependencies = (
			);
			name = LiguillasPadel;
			productName = LiguillasPadel;
			productReference = 387266A0212F1A0B004AAA95 /* LiguillasPadel.app */;
			productType = "com.apple.product-type.application";
		};
		387266B3212F1A0D004AAA95 /* LiguillasPadelTests */ = {
			isa = PBXNativeTarget;
			buildConfigurationList = 387266CB212F1A0D004AAA95 /* Build configuration list for PBXNativeTarget "LiguillasPadelTests" */;
			buildPhases = (
				645B7B22DA81F8374467843A /* [CP] Check Pods Manifest.lock */,
				387266B0212F1A0D004AAA95 /* Sources */,
				387266B1212F1A0D004AAA95 /* Frameworks */,
				387266B2212F1A0D004AAA95 /* Resources */,
			);
			buildRules = (
			);
			dependencies = (
				387266B6212F1A0D004AAA95 /* PBXTargetDependency */,
			);
			name = LiguillasPadelTests;
			productName = LiguillasPadelTests;
			productReference = 387266B4212F1A0D004AAA95 /* LiguillasPadelTests.xctest */;
			productType = "com.apple.product-type.bundle.unit-test";
		};
		387266BE212F1A0D004AAA95 /* LiguillasPadelUITests */ = {
			isa = PBXNativeTarget;
			buildConfigurationList = 387266CE212F1A0D004AAA95 /* Build configuration list for PBXNativeTarget "LiguillasPadelUITests" */;
			buildPhases = (
				1486D67AD7ED0791BFC0E0B2 /* [CP] Check Pods Manifest.lock */,
				387266BB212F1A0D004AAA95 /* Sources */,
				387266BC212F1A0D004AAA95 /* Frameworks */,
				387266BD212F1A0D004AAA95 /* Resources */,
			);
			buildRules = (
			);
			dependencies = (
				387266C1212F1A0D004AAA95 /* PBXTargetDependency */,
			);
			name = LiguillasPadelUITests;
			productName = LiguillasPadelUITests;
			productReference = 387266BF212F1A0D004AAA95 /* LiguillasPadelUITests.xctest */;
			productType = "com.apple.product-type.bundle.ui-testing";
		};
/* End PBXNativeTarget section */

/* Begin PBXProject section */
		38726698212F1A0B004AAA95 /* Project object */ = {
			isa = PBXProject;
			attributes = {
				LastSwiftUpdateCheck = 0940;
				LastUpgradeCheck = 0940;
				ORGANIZATIONNAME = "Alvaro Blazquez Montero";
				TargetAttributes = {
					3872669F212F1A0B004AAA95 = {
						CreatedOnToolsVersion = 9.4.1;
					};
					387266B3212F1A0D004AAA95 = {
						CreatedOnToolsVersion = 9.4.1;
						TestTargetID = 3872669F212F1A0B004AAA95;
					};
					387266BE212F1A0D004AAA95 = {
						CreatedOnToolsVersion = 9.4.1;
						TestTargetID = 3872669F212F1A0B004AAA95;
					};
				};
			};
			buildConfigurationList = 3872669B212F1A0B004AAA95 /* Build configuration list for PBXProject "LiguillasPadel" */;
			compatibilityVersion = "Xcode 9.3";
			developmentRegion = en;
			hasScannedForEncodings = 0;
			knownRegions = (
				en,
				Base,
			);
			mainGroup = 38726697212F1A0B004AAA95;
			productRefGroup = 387266A1212F1A0B004AAA95 /* Products */;
			projectDirPath = "";
			projectRoot = "";
			targets = (
				3872669F212F1A0B004AAA95 /* LiguillasPadel */,
				387266B3212F1A0D004AAA95 /* LiguillasPadelTests */,
				387266BE212F1A0D004AAA95 /* LiguillasPadelUITests */,
			);
		};
/* End PBXProject section */

/* Begin PBXResourcesBuildPhase section */
		3872669E212F1A0B004AAA95 /* Resources */ = {
			isa = PBXResourcesBuildPhase;
			buildActionMask = 2147483647;
			files = (
				38AEAD3B213C51A600483151 /* RankingTVC.xib in Resources */,
				383055DC213870DE00AABFC5 /* LeagueTVC.xib in Resources */,
				383055D421385E5200AABFC5 /* InfoVC.xib in Resources */,
				387266AE212F1A0D004AAA95 /* LaunchScreen.storyboard in Resources */,
				387266AB212F1A0D004AAA95 /* Assets.xcassets in Resources */,
				3885F8D02133D11400CEBE00 /* GoogleService-Info.plist in Resources */,
				387266A9212F1A0B004AAA95 /* Main.storyboard in Resources */,
				839A08692137D37000346853 /* CalendarVC.xib in Resources */,
				839A086B2137D37000346853 /* MatchTVC.xib in Resources */,
				383055CE21385D1500AABFC5 /* HomeVC.xib in Resources */,
			);
			runOnlyForDeploymentPostprocessing = 0;
		};
		387266B2212F1A0D004AAA95 /* Resources */ = {
			isa = PBXResourcesBuildPhase;
			buildActionMask = 2147483647;
			files = (
			);
			runOnlyForDeploymentPostprocessing = 0;
		};
		387266BD212F1A0D004AAA95 /* Resources */ = {
			isa = PBXResourcesBuildPhase;
			buildActionMask = 2147483647;
			files = (
			);
			runOnlyForDeploymentPostprocessing = 0;
		};
/* End PBXResourcesBuildPhase section */

/* Begin PBXShellScriptBuildPhase section */
		1186B9D128E98636E8F5F19A /* [CP] Check Pods Manifest.lock */ = {
			isa = PBXShellScriptBuildPhase;
			buildActionMask = 2147483647;
			files = (
			);
			inputPaths = (
				"${PODS_PODFILE_DIR_PATH}/Podfile.lock",
				"${PODS_ROOT}/Manifest.lock",
			);
			name = "[CP] Check Pods Manifest.lock";
			outputPaths = (
				"$(DERIVED_FILE_DIR)/Pods-LiguillasPadel-checkManifestLockResult.txt",
			);
			runOnlyForDeploymentPostprocessing = 0;
			shellPath = /bin/sh;
			shellScript = "diff \"${PODS_PODFILE_DIR_PATH}/Podfile.lock\" \"${PODS_ROOT}/Manifest.lock\" > /dev/null\nif [ $? != 0 ] ; then\n    # print error to STDERR\n    echo \"error: The sandbox is not in sync with the Podfile.lock. Run 'pod install' or update your CocoaPods installation.\" >&2\n    exit 1\nfi\n# This output is used by Xcode 'outputs' to avoid re-running this script phase.\necho \"SUCCESS\" > \"${SCRIPT_OUTPUT_FILE_0}\"\n";
			showEnvVarsInLog = 0;
		};
		1486D67AD7ED0791BFC0E0B2 /* [CP] Check Pods Manifest.lock */ = {
			isa = PBXShellScriptBuildPhase;
			buildActionMask = 2147483647;
			files = (
			);
			inputPaths = (
				"${PODS_PODFILE_DIR_PATH}/Podfile.lock",
				"${PODS_ROOT}/Manifest.lock",
			);
			name = "[CP] Check Pods Manifest.lock";
			outputPaths = (
				"$(DERIVED_FILE_DIR)/Pods-LiguillasPadelUITests-checkManifestLockResult.txt",
			);
			runOnlyForDeploymentPostprocessing = 0;
			shellPath = /bin/sh;
			shellScript = "diff \"${PODS_PODFILE_DIR_PATH}/Podfile.lock\" \"${PODS_ROOT}/Manifest.lock\" > /dev/null\nif [ $? != 0 ] ; then\n    # print error to STDERR\n    echo \"error: The sandbox is not in sync with the Podfile.lock. Run 'pod install' or update your CocoaPods installation.\" >&2\n    exit 1\nfi\n# This output is used by Xcode 'outputs' to avoid re-running this script phase.\necho \"SUCCESS\" > \"${SCRIPT_OUTPUT_FILE_0}\"\n";
			showEnvVarsInLog = 0;
		};
		3885F8D12133D33300CEBE00 /* ShellScript */ = {
			isa = PBXShellScriptBuildPhase;
			buildActionMask = 2147483647;
			files = (
			);
			inputPaths = (
			);
			outputPaths = (
			);
			runOnlyForDeploymentPostprocessing = 0;
			shellPath = /bin/sh;
			shellScript = "\"${PODS_ROOT}/Fabric/run\"";
		};
		3885F8D22133D59D00CEBE00 /* ShellScript */ = {
			isa = PBXShellScriptBuildPhase;
			buildActionMask = 2147483647;
			files = (
			);
			inputPaths = (
			);
			outputPaths = (
			);
			runOnlyForDeploymentPostprocessing = 0;
			shellPath = /bin/sh;
			shellScript = "if which swiftlint >/dev/null; then\nswiftlint\nelse\necho \"warning: SwiftLint not installed, download from https://github.com/realm/SwiftLint\"\nfi";
		};
		645B7B22DA81F8374467843A /* [CP] Check Pods Manifest.lock */ = {
			isa = PBXShellScriptBuildPhase;
			buildActionMask = 2147483647;
			files = (
			);
			inputPaths = (
				"${PODS_PODFILE_DIR_PATH}/Podfile.lock",
				"${PODS_ROOT}/Manifest.lock",
			);
			name = "[CP] Check Pods Manifest.lock";
			outputPaths = (
				"$(DERIVED_FILE_DIR)/Pods-LiguillasPadelTests-checkManifestLockResult.txt",
			);
			runOnlyForDeploymentPostprocessing = 0;
			shellPath = /bin/sh;
			shellScript = "diff \"${PODS_PODFILE_DIR_PATH}/Podfile.lock\" \"${PODS_ROOT}/Manifest.lock\" > /dev/null\nif [ $? != 0 ] ; then\n    # print error to STDERR\n    echo \"error: The sandbox is not in sync with the Podfile.lock. Run 'pod install' or update your CocoaPods installation.\" >&2\n    exit 1\nfi\n# This output is used by Xcode 'outputs' to avoid re-running this script phase.\necho \"SUCCESS\" > \"${SCRIPT_OUTPUT_FILE_0}\"\n";
			showEnvVarsInLog = 0;
		};
		BFC9037E2E98606DB2A35F43 /* [CP] Embed Pods Frameworks */ = {
			isa = PBXShellScriptBuildPhase;
			buildActionMask = 2147483647;
			files = (
			);
			inputPaths = (
				"${SRCROOT}/Pods/Target Support Files/Pods-LiguillasPadel/Pods-LiguillasPadel-frameworks.sh",
				"${BUILT_PRODUCTS_DIR}/Alamofire/Alamofire.framework",
				"${BUILT_PRODUCTS_DIR}/GoogleUtilities/GoogleUtilities.framework",
				"${BUILT_PRODUCTS_DIR}/Kingfisher/Kingfisher.framework",
				"${BUILT_PRODUCTS_DIR}/Moya/Moya.framework",
				"${BUILT_PRODUCTS_DIR}/Result/Result.framework",
				"${BUILT_PRODUCTS_DIR}/SwiftMessages/SwiftMessages.framework",
				"${BUILT_PRODUCTS_DIR}/SwiftyJSON/SwiftyJSON.framework",
				"${BUILT_PRODUCTS_DIR}/nanopb/nanopb.framework",
			);
			name = "[CP] Embed Pods Frameworks";
			outputPaths = (
				"${TARGET_BUILD_DIR}/${FRAMEWORKS_FOLDER_PATH}/Alamofire.framework",
				"${TARGET_BUILD_DIR}/${FRAMEWORKS_FOLDER_PATH}/GoogleUtilities.framework",
				"${TARGET_BUILD_DIR}/${FRAMEWORKS_FOLDER_PATH}/Kingfisher.framework",
				"${TARGET_BUILD_DIR}/${FRAMEWORKS_FOLDER_PATH}/Moya.framework",
				"${TARGET_BUILD_DIR}/${FRAMEWORKS_FOLDER_PATH}/Result.framework",
				"${TARGET_BUILD_DIR}/${FRAMEWORKS_FOLDER_PATH}/SwiftMessages.framework",
				"${TARGET_BUILD_DIR}/${FRAMEWORKS_FOLDER_PATH}/SwiftyJSON.framework",
				"${TARGET_BUILD_DIR}/${FRAMEWORKS_FOLDER_PATH}/nanopb.framework",
			);
			runOnlyForDeploymentPostprocessing = 0;
			shellPath = /bin/sh;
			shellScript = "\"${SRCROOT}/Pods/Target Support Files/Pods-LiguillasPadel/Pods-LiguillasPadel-frameworks.sh\"\n";
			showEnvVarsInLog = 0;
		};
/* End PBXShellScriptBuildPhase section */

/* Begin PBXSourcesBuildPhase section */
		3872669C212F1A0B004AAA95 /* Sources */ = {
			isa = PBXSourcesBuildPhase;
			buildActionMask = 2147483647;
			files = (
				383055D721385F6800AABFC5 /* CalendarVM.swift in Sources */,
				38AEAD3A213C51A600483151 /* RankingTVC.swift in Sources */,
				383055DB213870DE00AABFC5 /* LeagueTVC.swift in Sources */,
				839A08642137D37000346853 /* WeekItemVM.swift in Sources */,
				83604338213FCEA90028F8C8 /* InfoCoordinator.swift in Sources */,
				839A087D2137DEBD00346853 /* ViewModelDelegate.swift in Sources */,
				839A08682137D37000346853 /* TableItemVM.swift in Sources */,
				839A08712137D68900346853 /* AppCoordinator.swift in Sources */,
				383055D321385E5200AABFC5 /* InfoVC.swift in Sources */,
				839A08672137D37000346853 /* LeagueItemVM.swift in Sources */,
				839A08662137D37000346853 /* RankingItemVM.swift in Sources */,
				839A086C2137D37000346853 /* CalendarVC.swift in Sources */,
				839A086A2137D37000346853 /* MatchTVC.swift in Sources */,
				839A087B2137DE9200346853 /* ExtensionMoya.swift in Sources */,
				839A085F2137D37000346853 /* Week.swift in Sources */,
				839A08822137E00600346853 /* Constant.swift in Sources */,
				387266A4212F1A0B004AAA95 /* AppDelegate.swift in Sources */,
				839A08792137DE0700346853 /* ViewModel.swift in Sources */,
				839A086F2137D66600346853 /* MainCoordinator.swift in Sources */,
				839A08632137D37000346853 /* CalendarItemVM.swift in Sources */,
				839A08652137D37000346853 /* MatchItemVM.swift in Sources */,
				383055CD21385D1500AABFC5 /* HomeVC.swift in Sources */,
				839A08742137D9C700346853 /* Helpers.swift in Sources */,
				839A085E2137D37000346853 /* Match.swift in Sources */,
				839A08802137DF0900346853 /* HomeService.swift in Sources */,
				839A08622137D37000346853 /* Player.swift in Sources */,
				839A08842137E0B600346853 /* HomeVM.swift in Sources */,
				839A08612137D37000346853 /* League.swift in Sources */,
				839A08602137D37000346853 /* Ranking.swift in Sources */,
				839A08762137DA6E00346853 /* HomeCoordinator.swift in Sources */,
			);
			runOnlyForDeploymentPostprocessing = 0;
		};
		387266B0212F1A0D004AAA95 /* Sources */ = {
			isa = PBXSourcesBuildPhase;
			buildActionMask = 2147483647;
			files = (
				387266B9212F1A0D004AAA95 /* LiguillasPadelTests.swift in Sources */,
			);
			runOnlyForDeploymentPostprocessing = 0;
		};
		387266BB212F1A0D004AAA95 /* Sources */ = {
			isa = PBXSourcesBuildPhase;
			buildActionMask = 2147483647;
			files = (
				387266C4212F1A0D004AAA95 /* LiguillasPadelUITests.swift in Sources */,
			);
			runOnlyForDeploymentPostprocessing = 0;
		};
/* End PBXSourcesBuildPhase section */

/* Begin PBXTargetDependency section */
		387266B6212F1A0D004AAA95 /* PBXTargetDependency */ = {
			isa = PBXTargetDependency;
			target = 3872669F212F1A0B004AAA95 /* LiguillasPadel */;
			targetProxy = 387266B5212F1A0D004AAA95 /* PBXContainerItemProxy */;
		};
		387266C1212F1A0D004AAA95 /* PBXTargetDependency */ = {
			isa = PBXTargetDependency;
			target = 3872669F212F1A0B004AAA95 /* LiguillasPadel */;
			targetProxy = 387266C0212F1A0D004AAA95 /* PBXContainerItemProxy */;
		};
/* End PBXTargetDependency section */

/* Begin PBXVariantGroup section */
		387266A7212F1A0B004AAA95 /* Main.storyboard */ = {
			isa = PBXVariantGroup;
			children = (
				387266A8212F1A0B004AAA95 /* Base */,
			);
			name = Main.storyboard;
			sourceTree = "<group>";
		};
		387266AC212F1A0D004AAA95 /* LaunchScreen.storyboard */ = {
			isa = PBXVariantGroup;
			children = (
				387266AD212F1A0D004AAA95 /* Base */,
			);
			name = LaunchScreen.storyboard;
			sourceTree = "<group>";
		};
/* End PBXVariantGroup section */

/* Begin XCBuildConfiguration section */
		387266C6212F1A0D004AAA95 /* Debug */ = {
			isa = XCBuildConfiguration;
			buildSettings = {
				ALWAYS_SEARCH_USER_PATHS = NO;
				CLANG_ANALYZER_NONNULL = YES;
				CLANG_ANALYZER_NUMBER_OBJECT_CONVERSION = YES_AGGRESSIVE;
				CLANG_CXX_LANGUAGE_STANDARD = "gnu++14";
				CLANG_CXX_LIBRARY = "libc++";
				CLANG_ENABLE_MODULES = YES;
				CLANG_ENABLE_OBJC_ARC = YES;
				CLANG_ENABLE_OBJC_WEAK = YES;
				CLANG_WARN_BLOCK_CAPTURE_AUTORELEASING = YES;
				CLANG_WARN_BOOL_CONVERSION = YES;
				CLANG_WARN_COMMA = YES;
				CLANG_WARN_CONSTANT_CONVERSION = YES;
				CLANG_WARN_DEPRECATED_OBJC_IMPLEMENTATIONS = YES;
				CLANG_WARN_DIRECT_OBJC_ISA_USAGE = YES_ERROR;
				CLANG_WARN_DOCUMENTATION_COMMENTS = YES;
				CLANG_WARN_EMPTY_BODY = YES;
				CLANG_WARN_ENUM_CONVERSION = YES;
				CLANG_WARN_INFINITE_RECURSION = YES;
				CLANG_WARN_INT_CONVERSION = YES;
				CLANG_WARN_NON_LITERAL_NULL_CONVERSION = YES;
				CLANG_WARN_OBJC_IMPLICIT_RETAIN_SELF = YES;
				CLANG_WARN_OBJC_LITERAL_CONVERSION = YES;
				CLANG_WARN_OBJC_ROOT_CLASS = YES_ERROR;
				CLANG_WARN_RANGE_LOOP_ANALYSIS = YES;
				CLANG_WARN_STRICT_PROTOTYPES = YES;
				CLANG_WARN_SUSPICIOUS_MOVE = YES;
				CLANG_WARN_UNGUARDED_AVAILABILITY = YES_AGGRESSIVE;
				CLANG_WARN_UNREACHABLE_CODE = YES;
				CLANG_WARN__DUPLICATE_METHOD_MATCH = YES;
				CODE_SIGN_IDENTITY = "iPhone Developer";
				COPY_PHASE_STRIP = NO;
				DEBUG_INFORMATION_FORMAT = dwarf;
				ENABLE_STRICT_OBJC_MSGSEND = YES;
				ENABLE_TESTABILITY = YES;
				GCC_C_LANGUAGE_STANDARD = gnu11;
				GCC_DYNAMIC_NO_PIC = NO;
				GCC_NO_COMMON_BLOCKS = YES;
				GCC_OPTIMIZATION_LEVEL = 0;
				GCC_PREPROCESSOR_DEFINITIONS = (
					"DEBUG=1",
					"$(inherited)",
				);
				GCC_WARN_64_TO_32_BIT_CONVERSION = YES;
				GCC_WARN_ABOUT_RETURN_TYPE = YES_ERROR;
				GCC_WARN_UNDECLARED_SELECTOR = YES;
				GCC_WARN_UNINITIALIZED_AUTOS = YES_AGGRESSIVE;
				GCC_WARN_UNUSED_FUNCTION = YES;
				GCC_WARN_UNUSED_VARIABLE = YES;
				IPHONEOS_DEPLOYMENT_TARGET = 11.4;
				MTL_ENABLE_DEBUG_INFO = YES;
				ONLY_ACTIVE_ARCH = YES;
				SDKROOT = iphoneos;
				SWIFT_ACTIVE_COMPILATION_CONDITIONS = DEBUG;
				SWIFT_OPTIMIZATION_LEVEL = "-Onone";
			};
			name = Debug;
		};
		387266C7212F1A0D004AAA95 /* Release */ = {
			isa = XCBuildConfiguration;
			buildSettings = {
				ALWAYS_SEARCH_USER_PATHS = NO;
				CLANG_ANALYZER_NONNULL = YES;
				CLANG_ANALYZER_NUMBER_OBJECT_CONVERSION = YES_AGGRESSIVE;
				CLANG_CXX_LANGUAGE_STANDARD = "gnu++14";
				CLANG_CXX_LIBRARY = "libc++";
				CLANG_ENABLE_MODULES = YES;
				CLANG_ENABLE_OBJC_ARC = YES;
				CLANG_ENABLE_OBJC_WEAK = YES;
				CLANG_WARN_BLOCK_CAPTURE_AUTORELEASING = YES;
				CLANG_WARN_BOOL_CONVERSION = YES;
				CLANG_WARN_COMMA = YES;
				CLANG_WARN_CONSTANT_CONVERSION = YES;
				CLANG_WARN_DEPRECATED_OBJC_IMPLEMENTATIONS = YES;
				CLANG_WARN_DIRECT_OBJC_ISA_USAGE = YES_ERROR;
				CLANG_WARN_DOCUMENTATION_COMMENTS = YES;
				CLANG_WARN_EMPTY_BODY = YES;
				CLANG_WARN_ENUM_CONVERSION = YES;
				CLANG_WARN_INFINITE_RECURSION = YES;
				CLANG_WARN_INT_CONVERSION = YES;
				CLANG_WARN_NON_LITERAL_NULL_CONVERSION = YES;
				CLANG_WARN_OBJC_IMPLICIT_RETAIN_SELF = YES;
				CLANG_WARN_OBJC_LITERAL_CONVERSION = YES;
				CLANG_WARN_OBJC_ROOT_CLASS = YES_ERROR;
				CLANG_WARN_RANGE_LOOP_ANALYSIS = YES;
				CLANG_WARN_STRICT_PROTOTYPES = YES;
				CLANG_WARN_SUSPICIOUS_MOVE = YES;
				CLANG_WARN_UNGUARDED_AVAILABILITY = YES_AGGRESSIVE;
				CLANG_WARN_UNREACHABLE_CODE = YES;
				CLANG_WARN__DUPLICATE_METHOD_MATCH = YES;
				CODE_SIGN_IDENTITY = "iPhone Developer";
				COPY_PHASE_STRIP = NO;
				DEBUG_INFORMATION_FORMAT = "dwarf-with-dsym";
				ENABLE_NS_ASSERTIONS = NO;
				ENABLE_STRICT_OBJC_MSGSEND = YES;
				GCC_C_LANGUAGE_STANDARD = gnu11;
				GCC_NO_COMMON_BLOCKS = YES;
				GCC_WARN_64_TO_32_BIT_CONVERSION = YES;
				GCC_WARN_ABOUT_RETURN_TYPE = YES_ERROR;
				GCC_WARN_UNDECLARED_SELECTOR = YES;
				GCC_WARN_UNINITIALIZED_AUTOS = YES_AGGRESSIVE;
				GCC_WARN_UNUSED_FUNCTION = YES;
				GCC_WARN_UNUSED_VARIABLE = YES;
				IPHONEOS_DEPLOYMENT_TARGET = 11.4;
				MTL_ENABLE_DEBUG_INFO = NO;
				SDKROOT = iphoneos;
				SWIFT_COMPILATION_MODE = wholemodule;
				SWIFT_OPTIMIZATION_LEVEL = "-O";
				VALIDATE_PRODUCT = YES;
			};
			name = Release;
		};
		387266C9212F1A0D004AAA95 /* Debug */ = {
			isa = XCBuildConfiguration;
			baseConfigurationReference = 0263CFEE6A093C6ABC2F5BEE /* Pods-LiguillasPadel.debug.xcconfig */;
			buildSettings = {
				ASSETCATALOG_COMPILER_APPICON_NAME = AppIcon;
				CODE_SIGN_STYLE = Automatic;
				DEBUG_INFORMATION_FORMAT = "dwarf-with-dsym";
				DEVELOPMENT_TEAM = JNUKPQ5K9Y;
				INFOPLIST_FILE = "$(SRCROOT)/LiguillasPadel/Mandatory/Info.plist";
				LD_RUNPATH_SEARCH_PATHS = (
					"$(inherited)",
					"@executable_path/Frameworks",
				);
				PRODUCT_BUNDLE_IDENTIFIER = nural.smart.LiguillasPadel;
				PRODUCT_NAME = "$(TARGET_NAME)";
				SWIFT_VERSION = 4.0;
				TARGETED_DEVICE_FAMILY = "1,2";
			};
			name = Debug;
		};
		387266CA212F1A0D004AAA95 /* Release */ = {
			isa = XCBuildConfiguration;
			baseConfigurationReference = DB41087629869817BC8CF64E /* Pods-LiguillasPadel.release.xcconfig */;
			buildSettings = {
				ASSETCATALOG_COMPILER_APPICON_NAME = AppIcon;
				CODE_SIGN_STYLE = Automatic;
				DEVELOPMENT_TEAM = JNUKPQ5K9Y;
				INFOPLIST_FILE = "$(SRCROOT)/LiguillasPadel/Mandatory/Info.plist";
				LD_RUNPATH_SEARCH_PATHS = (
					"$(inherited)",
					"@executable_path/Frameworks",
				);
				PRODUCT_BUNDLE_IDENTIFIER = nural.smart.LiguillasPadel;
				PRODUCT_NAME = "$(TARGET_NAME)";
				SWIFT_VERSION = 4.0;
				TARGETED_DEVICE_FAMILY = "1,2";
			};
			name = Release;
		};
		387266CC212F1A0D004AAA95 /* Debug */ = {
			isa = XCBuildConfiguration;
			baseConfigurationReference = A8D5AF6D62039D80112EC539 /* Pods-LiguillasPadelTests.debug.xcconfig */;
			buildSettings = {
				ALWAYS_EMBED_SWIFT_STANDARD_LIBRARIES = YES;
				BUNDLE_LOADER = "$(TEST_HOST)";
				CODE_SIGN_STYLE = Automatic;
				DEVELOPMENT_TEAM = JNUKPQ5K9Y;
				INFOPLIST_FILE = LiguillasPadelTests/Info.plist;
				LD_RUNPATH_SEARCH_PATHS = (
					"$(inherited)",
					"@executable_path/Frameworks",
					"@loader_path/Frameworks",
				);
				PRODUCT_BUNDLE_IDENTIFIER = nural.smart.LiguillasPadelTests;
				PRODUCT_NAME = "$(TARGET_NAME)";
				SWIFT_VERSION = 4.0;
				TARGETED_DEVICE_FAMILY = "1,2";
				TEST_HOST = "$(BUILT_PRODUCTS_DIR)/LiguillasPadel.app/LiguillasPadel";
			};
			name = Debug;
		};
		387266CD212F1A0D004AAA95 /* Release */ = {
			isa = XCBuildConfiguration;
			baseConfigurationReference = AF0671DF8FFCC8F0DE0363D8 /* Pods-LiguillasPadelTests.release.xcconfig */;
			buildSettings = {
				ALWAYS_EMBED_SWIFT_STANDARD_LIBRARIES = YES;
				BUNDLE_LOADER = "$(TEST_HOST)";
				CODE_SIGN_STYLE = Automatic;
				DEVELOPMENT_TEAM = JNUKPQ5K9Y;
				INFOPLIST_FILE = LiguillasPadelTests/Info.plist;
				LD_RUNPATH_SEARCH_PATHS = (
					"$(inherited)",
					"@executable_path/Frameworks",
					"@loader_path/Frameworks",
				);
				PRODUCT_BUNDLE_IDENTIFIER = nural.smart.LiguillasPadelTests;
				PRODUCT_NAME = "$(TARGET_NAME)";
				SWIFT_VERSION = 4.0;
				TARGETED_DEVICE_FAMILY = "1,2";
				TEST_HOST = "$(BUILT_PRODUCTS_DIR)/LiguillasPadel.app/LiguillasPadel";
			};
			name = Release;
		};
		387266CF212F1A0D004AAA95 /* Debug */ = {
			isa = XCBuildConfiguration;
			baseConfigurationReference = 725F7990770608A6E8919BF7 /* Pods-LiguillasPadelUITests.debug.xcconfig */;
			buildSettings = {
				ALWAYS_EMBED_SWIFT_STANDARD_LIBRARIES = YES;
				CODE_SIGN_STYLE = Automatic;
				DEVELOPMENT_TEAM = JNUKPQ5K9Y;
				INFOPLIST_FILE = LiguillasPadelUITests/Info.plist;
				LD_RUNPATH_SEARCH_PATHS = (
					"$(inherited)",
					"@executable_path/Frameworks",
					"@loader_path/Frameworks",
				);
				PRODUCT_BUNDLE_IDENTIFIER = nural.smart.LiguillasPadelUITests;
				PRODUCT_NAME = "$(TARGET_NAME)";
				SWIFT_VERSION = 4.0;
				TARGETED_DEVICE_FAMILY = "1,2";
				TEST_TARGET_NAME = LiguillasPadel;
			};
			name = Debug;
		};
		387266D0212F1A0D004AAA95 /* Release */ = {
			isa = XCBuildConfiguration;
			baseConfigurationReference = D6082E7788B4B29640135AF6 /* Pods-LiguillasPadelUITests.release.xcconfig */;
			buildSettings = {
				ALWAYS_EMBED_SWIFT_STANDARD_LIBRARIES = YES;
				CODE_SIGN_STYLE = Automatic;
				DEVELOPMENT_TEAM = JNUKPQ5K9Y;
				INFOPLIST_FILE = LiguillasPadelUITests/Info.plist;
				LD_RUNPATH_SEARCH_PATHS = (
					"$(inherited)",
					"@executable_path/Frameworks",
					"@loader_path/Frameworks",
				);
				PRODUCT_BUNDLE_IDENTIFIER = nural.smart.LiguillasPadelUITests;
				PRODUCT_NAME = "$(TARGET_NAME)";
				SWIFT_VERSION = 4.0;
				TARGETED_DEVICE_FAMILY = "1,2";
				TEST_TARGET_NAME = LiguillasPadel;
			};
			name = Release;
		};
/* End XCBuildConfiguration section */

/* Begin XCConfigurationList section */
		3872669B212F1A0B004AAA95 /* Build configuration list for PBXProject "LiguillasPadel" */ = {
			isa = XCConfigurationList;
			buildConfigurations = (
				387266C6212F1A0D004AAA95 /* Debug */,
				387266C7212F1A0D004AAA95 /* Release */,
			);
			defaultConfigurationIsVisible = 0;
			defaultConfigurationName = Release;
		};
		387266C8212F1A0D004AAA95 /* Build configuration list for PBXNativeTarget "LiguillasPadel" */ = {
			isa = XCConfigurationList;
			buildConfigurations = (
				387266C9212F1A0D004AAA95 /* Debug */,
				387266CA212F1A0D004AAA95 /* Release */,
			);
			defaultConfigurationIsVisible = 0;
			defaultConfigurationName = Release;
		};
		387266CB212F1A0D004AAA95 /* Build configuration list for PBXNativeTarget "LiguillasPadelTests" */ = {
			isa = XCConfigurationList;
			buildConfigurations = (
				387266CC212F1A0D004AAA95 /* Debug */,
				387266CD212F1A0D004AAA95 /* Release */,
			);
			defaultConfigurationIsVisible = 0;
			defaultConfigurationName = Release;
		};
		387266CE212F1A0D004AAA95 /* Build configuration list for PBXNativeTarget "LiguillasPadelUITests" */ = {
			isa = XCConfigurationList;
			buildConfigurations = (
				387266CF212F1A0D004AAA95 /* Debug */,
				387266D0212F1A0D004AAA95 /* Release */,
			);
			defaultConfigurationIsVisible = 0;
			defaultConfigurationName = Release;
		};
/* End XCConfigurationList section */
	};
	rootObject = 38726698212F1A0B004AAA95 /* Project object */;
}
